
Microsoft Visual Studio Solution File, Format Version 12.00
# Visual Studio Version 17
VisualStudioVersion = 17.5.33627.172
MinimumVisualStudioVersion = 10.0.40219.1
Project("{FAE04EC0-301F-11D3-BF4B-00C04F79EFBC}") = "Lotteri", "Lotteri\Lotteri.csproj", "{C33032F8-242A-40B6-A45D-2A118ACBAB3D}"
EndProject
Global
	GlobalSection(SolutionConfigurationPlatforms) = preSolution
		Debug|Any CPU = Debug|Any CPU
		Release|Any CPU = Release|Any CPU
	EndGlobalSection
	GlobalSection(ProjectConfigurationPlatforms) = postSolution
		{C33032F8-242A-40B6-A45D-2A118ACBAB3D}.Debug|Any CPU.ActiveCfg = Debug|Any CPU
		{C33032F8-242A-40B6-A45D-2A118ACBAB3D}.Debug|Any CPU.Build.0 = Debug|Any CPU
		{C33032F8-242A-40B6-A45D-2A118ACBAB3D}.Release|Any CPU.ActiveCfg = Release|Any CPU
		{C33032F8-242A-40B6-A45D-2A118ACBAB3D}.Release|Any CPU.Build.0 = Release|Any CPU
	EndGlobalSection
	GlobalSection(SolutionProperties) = preSolution
		HideSolutionNode = FALSE
	EndGlobalSection
	GlobalSection(ExtensibilityGlobals) = postSolution
		SolutionGuid = {3CA463B5-2BE7-4BCD-8E3C-03B479BC40E3}
	EndGlobalSection
EndGlobal
